{
  "version": 4,
  "terraform_version": "1.11.4",
  "serial": 4,
  "lineage": "6d15f616-12a7-b946-1f29-bf7557c90bff",
  "outputs": {},
  "resources": [
    {
      "mode": "managed",
      "type": "azurerm_app_service",
      "name": "app",
      "provider": "provider[\"registry.terraform.io/hashicorp/azurerm\"]",
      "instances": [
        {
          "schema_version": 0,
          "attributes": {
            "app_service_plan_id": "/subscriptions/06fb7ba2-5a7c-4176-9637-d3b4ecd075b8/resourceGroups/rg-sabor-caseiro/providers/Microsoft.Web/serverFarms/appserviceplan-saborcaseiro",
            "app_settings": {
              "DATABASE_URL": "postgres://\u003cusername\u003e:\u003cpassword\u003e@\u003chost\u003e:5432/saborcaseiro",
              "WEBSITES_ENABLE_APP_SERVICE_STORAGE": "false"
            },
            "auth_settings": [
              {
                "active_directory": [],
                "additional_login_params": {},
                "allowed_external_redirect_urls": [],
                "default_provider": "",
                "enabled": false,
                "facebook": [],
                "google": [],
                "issuer": "",
                "microsoft": [],
                "runtime_version": "",
                "token_refresh_extension_hours": 0,
                "token_store_enabled": false,
                "twitter": [],
                "unauthenticated_client_action": ""
              }
            ],
            "backup": [],
            "client_affinity_enabled": false,
            "client_cert_enabled": false,
            "client_cert_mode": "Required",
            "connection_string": [],
            "custom_domain_verification_id": "DEEB79C5BDC1329B8B491471A723370E0A7796A5BDEFEB879C74A88F8CB0E0E7",
            "default_site_hostname": "app-sabor-caseiro.azurewebsites.net",
            "enabled": true,
            "https_only": false,
            "id": "/subscriptions/06fb7ba2-5a7c-4176-9637-d3b4ecd075b8/resourceGroups/rg-sabor-caseiro/providers/Microsoft.Web/sites/app-sabor-caseiro",
            "identity": [],
            "key_vault_reference_identity_id": "SystemAssigned",
            "location": "eastus",
            "logs": [
              {
                "application_logs": [
                  {
                    "azure_blob_storage": [],
                    "file_system_level": "Off"
                  }
                ],
                "detailed_error_messages_enabled": false,
                "failed_request_tracing_enabled": false,
                "http_logs": [
                  {
                    "azure_blob_storage": [],
                    "file_system": []
                  }
                ]
              }
            ],
            "name": "app-sabor-caseiro",
            "outbound_ip_address_list": [
              "20.75.146.211",
              "20.75.146.221",
              "20.75.146.228",
              "20.75.146.229",
              "20.75.146.254",
              "20.75.146.255",
              "40.88.199.185",
              "20.75.146.16",
              "20.75.146.17",
              "20.75.146.24",
              "20.75.146.25",
              "20.75.146.30",
              "20.119.8.46"
            ],
            "outbound_ip_addresses": "20.75.146.211,20.75.146.221,20.75.146.228,20.75.146.229,20.75.146.254,20.75.146.255,40.88.199.185,20.75.146.16,20.75.146.17,20.75.146.24,20.75.146.25,20.75.146.30,20.119.8.46",
            "possible_outbound_ip_address_list": [
              "20.75.146.211",
              "20.75.146.221",
              "20.75.146.228",
              "20.75.146.229",
              "20.75.146.254",
              "20.75.146.255",
              "40.88.199.185",
              "20.75.146.16",
              "20.75.146.17",
              "20.75.146.24",
              "20.75.146.25",
              "20.75.146.30",
              "20.75.146.31",
              "20.75.146.32",
              "20.75.146.33",
              "20.75.146.40",
              "20.75.146.64",
              "20.75.146.65",
              "20.75.149.122",
              "20.75.146.74",
              "40.88.194.183",
              "20.75.146.166",
              "20.75.146.194",
              "20.75.146.195",
              "20.75.147.4",
              "20.75.147.5",
              "20.75.147.18",
              "20.75.147.19",
              "20.75.147.37",
              "20.75.147.65",
              "20.119.8.46"
            ],
            "possible_outbound_ip_addresses": "20.75.146.211,20.75.146.221,20.75.146.228,20.75.146.229,20.75.146.254,20.75.146.255,40.88.199.185,20.75.146.16,20.75.146.17,20.75.146.24,20.75.146.25,20.75.146.30,20.75.146.31,20.75.146.32,20.75.146.33,20.75.146.40,20.75.146.64,20.75.146.65,20.75.149.122,20.75.146.74,40.88.194.183,20.75.146.166,20.75.146.194,20.75.146.195,20.75.147.4,20.75.147.5,20.75.147.18,20.75.147.19,20.75.147.37,20.75.147.65,20.119.8.46",
            "resource_group_name": "rg-sabor-caseiro",
            "site_config": [
              {
                "acr_use_managed_identity_credentials": false,
                "acr_user_managed_identity_client_id": "",
                "always_on": false,
                "app_command_line": "",
                "auto_swap_slot_name": "",
                "cors": [
                  {
                    "allowed_origins": [],
                    "support_credentials": false
                  }
                ],
                "default_documents": null,
                "dotnet_framework_version": "v4.0",
                "ftps_state": "FtpsOnly",
                "health_check_path": "",
                "http2_enabled": false,
                "ip_restriction": [],
                "java_container": "",
                "java_container_version": "",
                "java_version": "",
                "linux_fx_version": "NODE|18-lts",
                "local_mysql_enabled": false,
                "managed_pipeline_mode": "Integrated",
                "min_tls_version": "1.2",
                "number_of_workers": 1,
                "php_version": "",
                "python_version": "",
                "remote_debugging_enabled": false,
                "remote_debugging_version": "VS2022",
                "scm_ip_restriction": [],
                "scm_type": "None",
                "scm_use_main_ip_restriction": false,
                "use_32_bit_worker_process": false,
                "vnet_route_all_enabled": false,
                "websockets_enabled": false,
                "windows_fx_version": ""
              }
            ],
            "site_credential": [
              {
                "password": "JessJTvNA6lLZKDyCqvDDsjwSniXiA2b6cL4AbcYXYzuYYxycgkgMC3fBfSn",
                "username": "$app-sabor-caseiro"
              }
            ],
            "source_control": [
              {
                "branch": "main",
                "manual_integration": false,
                "repo_url": "",
                "rollback_enabled": false,
                "use_mercurial": false
              }
            ],
            "storage_account": [],
            "tags": null,
            "timeouts": null
          },
          "sensitive_attributes": [],
          "private": "eyJlMmJmYjczMC1lY2FhLTExZTYtOGY4OC0zNDM2M2JjN2M0YzAiOnsiY3JlYXRlIjoxODAwMDAwMDAwMDAwLCJkZWxldGUiOjE4MDAwMDAwMDAwMDAsInJlYWQiOjMwMDAwMDAwMDAwMCwidXBkYXRlIjoxODAwMDAwMDAwMDAwfX0=",
          "dependencies": [
            "azurerm_app_service_plan.plan",
            "azurerm_resource_group.rg"
          ]
        }
      ]
    },
    {
      "mode": "managed",
      "type": "azurerm_app_service_plan",
      "name": "plan",
      "provider": "provider[\"registry.terraform.io/hashicorp/azurerm\"]",
      "instances": [
        {
          "schema_version": 1,
          "attributes": {
            "app_service_environment_id": "",
            "id": "/subscriptions/06fb7ba2-5a7c-4176-9637-d3b4ecd075b8/resourceGroups/rg-sabor-caseiro/providers/Microsoft.Web/serverFarms/appserviceplan-saborcaseiro",
            "is_xenon": false,
            "kind": "linux",
            "location": "eastus",
            "maximum_elastic_worker_count": 1,
            "maximum_number_of_workers": 3,
            "name": "appserviceplan-saborcaseiro",
            "per_site_scaling": false,
            "reserved": true,
            "resource_group_name": "rg-sabor-caseiro",
            "sku": [
              {
                "capacity": 1,
                "size": "B1",
                "tier": "Basic"
              }
            ],
            "tags": null,
            "timeouts": null,
            "zone_redundant": false
          },
          "sensitive_attributes": [],
          "private": "eyJlMmJmYjczMC1lY2FhLTExZTYtOGY4OC0zNDM2M2JjN2M0YzAiOnsiY3JlYXRlIjozNjAwMDAwMDAwMDAwLCJkZWxldGUiOjM2MDAwMDAwMDAwMDAsInJlYWQiOjMwMDAwMDAwMDAwMCwidXBkYXRlIjozNjAwMDAwMDAwMDAwfSwic2NoZW1hX3ZlcnNpb24iOiIxIn0=",
          "dependencies": [
            "azurerm_resource_group.rg"
          ]
        }
      ]
    },
    {
      "mode": "managed",
      "type": "azurerm_resource_group",
      "name": "rg",
      "provider": "provider[\"registry.terraform.io/hashicorp/azurerm\"]",
      "instances": [
        {
          "schema_version": 0,
          "attributes": {
            "id": "/subscriptions/06fb7ba2-5a7c-4176-9637-d3b4ecd075b8/resourceGroups/rg-sabor-caseiro",
            "location": "eastus",
            "managed_by": "",
            "name": "rg-sabor-caseiro",
            "tags": null,
            "timeouts": null
          },
          "sensitive_attributes": [],
          "private": "eyJlMmJmYjczMC1lY2FhLTExZTYtOGY4OC0zNDM2M2JjN2M0YzAiOnsiY3JlYXRlIjo1NDAwMDAwMDAwMDAwLCJkZWxldGUiOjU0MDAwMDAwMDAwMDAsInJlYWQiOjMwMDAwMDAwMDAwMCwidXBkYXRlIjo1NDAwMDAwMDAwMDAwfX0="
        }
      ]
    }
  ],
  "check_results": null
}
